
Microsoft Visual Studio Solution File, Format Version 12.00
Project("{FAE04EC0-301F-11D3-BF4B-00C04F79EFBC}") = "WebAPI", "WebAPI\WebAPI.csproj", "{5B9D793B-B884-46D6-A5A5-427CC074B3F8}"
EndProject
Project("{FAE04EC0-301F-11D3-BF4B-00C04F79EFBC}") = "Application", "Application\Application.csproj", "{D9069B84-7616-4851-92EC-C446AD8EB7F6}"
EndProject
Project("{FAE04EC0-301F-11D3-BF4B-00C04F79EFBC}") = "Infrastructure", "Infrastructure\Infrastructure.csproj", "{1D30362F-DB61-4A6A-BC6F-B6A19DFC9CFD}"
EndProject
Project("{FAE04EC0-301F-11D3-BF4B-00C04F79EFBC}") = "Domain", "Domain\Domain.csproj", "{49DE8540-643C-4CEA-817F-D078719D6388}"
EndProject
Project("{2150E333-8FDC-42A3-9474-1A3956D46DE8}") = "src", "src", "{5792C9F4-FCC2-4A96-BDA7-BAFFC0C62776}"
EndProject
Project("{2150E333-8FDC-42A3-9474-1A3956D46DE8}") = "Presentation", "Presentation", "{507899CD-E02A-4286-A2EC-5E5176B122FE}"
EndProject
Project("{2150E333-8FDC-42A3-9474-1A3956D46DE8}") = "Application", "Application", "{BD37AB50-3022-4249-B000-BE1C26257276}"
EndProject
Project("{2150E333-8FDC-42A3-9474-1A3956D46DE8}") = "Domain", "Domain", "{F3A6BC03-30B3-487D-9FEF-1E302B3A3FB0}"
EndProject
Project("{2150E333-8FDC-42A3-9474-1A3956D46DE8}") = "Infrastructure", "Infrastructure", "{284E9861-5326-4A23-9C63-EEB74818E836}"
EndProject
Project("{FAE04EC0-301F-11D3-BF4B-00C04F79EFBC}") = "SharedKernal", "SharedKernal\SharedKernal.csproj", "{E0C2BF3F-AC94-4E86-AF6F-8196707A2B7B}"
EndProject
Project("{2150E333-8FDC-42A3-9474-1A3956D46DE8}") = "SolutionItems", "SolutionItems", "{D892F2F9-38B5-40E4-98F8-89DEA39FBC94}"
EndProject
Project("{2150E333-8FDC-42A3-9474-1A3956D46DE8}") = "Solution Items", "Solution Items", "{5B7A737F-9772-4E72-BDE5-1F9847DD6A24}"
	ProjectSection(SolutionItems) = preProject
		docker-compose.yml = docker-compose.yml
	EndProjectSection
EndProject
Global
	GlobalSection(SolutionConfigurationPlatforms) = preSolution
		Debug|Any CPU = Debug|Any CPU
		Release|Any CPU = Release|Any CPU
	EndGlobalSection
	GlobalSection(ProjectConfigurationPlatforms) = postSolution
		{5B9D793B-B884-46D6-A5A5-427CC074B3F8}.Debug|Any CPU.ActiveCfg = Debug|Any CPU
		{5B9D793B-B884-46D6-A5A5-427CC074B3F8}.Debug|Any CPU.Build.0 = Debug|Any CPU
		{5B9D793B-B884-46D6-A5A5-427CC074B3F8}.Release|Any CPU.ActiveCfg = Release|Any CPU
		{5B9D793B-B884-46D6-A5A5-427CC074B3F8}.Release|Any CPU.Build.0 = Release|Any CPU
		{D9069B84-7616-4851-92EC-C446AD8EB7F6}.Debug|Any CPU.ActiveCfg = Debug|Any CPU
		{D9069B84-7616-4851-92EC-C446AD8EB7F6}.Debug|Any CPU.Build.0 = Debug|Any CPU
		{D9069B84-7616-4851-92EC-C446AD8EB7F6}.Release|Any CPU.ActiveCfg = Release|Any CPU
		{D9069B84-7616-4851-92EC-C446AD8EB7F6}.Release|Any CPU.Build.0 = Release|Any CPU
		{1D30362F-DB61-4A6A-BC6F-B6A19DFC9CFD}.Debug|Any CPU.ActiveCfg = Debug|Any CPU
		{1D30362F-DB61-4A6A-BC6F-B6A19DFC9CFD}.Debug|Any CPU.Build.0 = Debug|Any CPU
		{1D30362F-DB61-4A6A-BC6F-B6A19DFC9CFD}.Release|Any CPU.ActiveCfg = Release|Any CPU
		{1D30362F-DB61-4A6A-BC6F-B6A19DFC9CFD}.Release|Any CPU.Build.0 = Release|Any CPU
		{49DE8540-643C-4CEA-817F-D078719D6388}.Debug|Any CPU.ActiveCfg = Debug|Any CPU
		{49DE8540-643C-4CEA-817F-D078719D6388}.Debug|Any CPU.Build.0 = Debug|Any CPU
		{49DE8540-643C-4CEA-817F-D078719D6388}.Release|Any CPU.ActiveCfg = Release|Any CPU
		{49DE8540-643C-4CEA-817F-D078719D6388}.Release|Any CPU.Build.0 = Release|Any CPU
		{E0C2BF3F-AC94-4E86-AF6F-8196707A2B7B}.Debug|Any CPU.ActiveCfg = Debug|Any CPU
		{E0C2BF3F-AC94-4E86-AF6F-8196707A2B7B}.Debug|Any CPU.Build.0 = Debug|Any CPU
		{E0C2BF3F-AC94-4E86-AF6F-8196707A2B7B}.Release|Any CPU.ActiveCfg = Release|Any CPU
		{E0C2BF3F-AC94-4E86-AF6F-8196707A2B7B}.Release|Any CPU.Build.0 = Release|Any CPU
	EndGlobalSection
	GlobalSection(NestedProjects) = preSolution
		{507899CD-E02A-4286-A2EC-5E5176B122FE} = {5792C9F4-FCC2-4A96-BDA7-BAFFC0C62776}
		{5B9D793B-B884-46D6-A5A5-427CC074B3F8} = {507899CD-E02A-4286-A2EC-5E5176B122FE}
		{BD37AB50-3022-4249-B000-BE1C26257276} = {5792C9F4-FCC2-4A96-BDA7-BAFFC0C62776}
		{D9069B84-7616-4851-92EC-C446AD8EB7F6} = {BD37AB50-3022-4249-B000-BE1C26257276}
		{F3A6BC03-30B3-487D-9FEF-1E302B3A3FB0} = {5792C9F4-FCC2-4A96-BDA7-BAFFC0C62776}
		{49DE8540-643C-4CEA-817F-D078719D6388} = {F3A6BC03-30B3-487D-9FEF-1E302B3A3FB0}
		{284E9861-5326-4A23-9C63-EEB74818E836} = {5792C9F4-FCC2-4A96-BDA7-BAFFC0C62776}
		{1D30362F-DB61-4A6A-BC6F-B6A19DFC9CFD} = {284E9861-5326-4A23-9C63-EEB74818E836}
		{E0C2BF3F-AC94-4E86-AF6F-8196707A2B7B} = {F3A6BC03-30B3-487D-9FEF-1E302B3A3FB0}
	EndGlobalSection
EndGlobal
